<?xml version="1.0" encoding="utf-8"?>
<Project ToolsVersion="4.0" xmlns="http://schemas.microsoft.com/developer/msbuild/2003">
  <ItemGroup>
    <Filter Include="Source Files">
      <UniqueIdentifier>{4FC737F1-C7A5-4376-A066-2A32D752A2FF}</UniqueIdentifier>
      <Extensions>cpp;c;cc;cxx;c++;cppm;ixx;def;odl;idl;hpj;bat;asm;asmx</Extensions>
    </Filter>
    <Filter Include="Header Files">
      <UniqueIdentifier>{93995380-89BD-4b04-88EB-625FBE52EBFB}</UniqueIdentifier>
      <Extensions>h;hh;hpp;hxx;h++;hm;inl;inc;ipp;xsd</Extensions>
    </Filter>
    <Filter Include="Resource Files">
      <UniqueIdentifier>{67DA6AB6-F800-4c08-8B7A-83BB121AAD01}</UniqueIdentifier>
      <Extensions>rc;ico;cur;bmp;dlg;rc2;rct;bin;rgs;gif;jpg;jpeg;jpe;resx;tiff;tif;png;wav;mfcribbon-ms</Extensions>
    </Filter>
    <Filter Include="thirdparty">
      <UniqueIdentifier>{aea55b38-aedf-406d-a1ff-60990d928ed3}</UniqueIdentifier>
    </Filter>
    <Filter Include="thirdparty\zlib">
      <UniqueIdentifier>{3cf6c7a2-973e-45e3-a102-72ca38795b9e}</UniqueIdentifier>
    </Filter>
  </ItemGroup>
  <ItemGroup>
    <ClCompile Include="TagForceString.cpp">
      <Filter>Source Files</Filter>
    </ClCompile>
  </ItemGroup>
  <ItemGroup>
    <ClInclude Include="TagForceString.hpp">
      <Filter>Header Files</Filter>
    </ClInclude>
    <ClInclude Include="TF1Folder.hpp">
      <Filter>Header Files</Filter>
    </ClInclude>
    <ClInclude Include="StrResource.hpp">
      <Filter>Header Files</Filter>
    </ClInclude>
    <ClInclude Include="StoryScript.hpp">
      <Filter>Header Files</Filter>
    </ClInclude>
    <ClInclude Include="thirdparty\zlib\zlib.h">
      <Filter>thirdparty\zlib</Filter>
    </ClInclude>
    <ClInclude Include="TFStringClasses.hpp">
      <Filter>Header Files</Filter>
    </ClInclude>
    <ClInclude Include="ZlibWrapper.hpp">
      <Filter>Header Files</Filter>
    </ClInclude>
  </ItemGroup>
</Project>